
Microsoft Visual Studio Solution File, Format Version 12.00
# Visual Studio Version 16
VisualStudioVersion = 16.0.30204.135
MinimumVisualStudioVersion = 10.0.40219.1
Project("{9A19103F-16F7-4668-BE54-9A1E7A4F7556}") = "ninj-api", "WebAPI\ninj-api.csproj", "{54F721EF-CE46-4017-B26E-5955228988C9}"
EndProject
Global
	GlobalSection(SolutionConfigurationPlatforms) = preSolution
		Debug|Any CPU = Debug|Any CPU
		Release|Any CPU = Release|Any CPU
	EndGlobalSection
	GlobalSection(ProjectConfigurationPlatforms) = postSolution
		{54F721EF-CE46-4017-B26E-5955228988C9}.Debug|Any CPU.ActiveCfg = Debug|Any CPU
		{54F721EF-CE46-4017-B26E-5955228988C9}.Debug|Any CPU.Build.0 = Debug|Any CPU
		{54F721EF-CE46-4017-B26E-5955228988C9}.Release|Any CPU.ActiveCfg = Release|Any CPU
		{54F721EF-CE46-4017-B26E-5955228988C9}.Release|Any CPU.Build.0 = Release|Any CPU
	EndGlobalSection
	GlobalSection(SolutionProperties) = preSolution
		HideSolutionNode = FALSE
	EndGlobalSection
	GlobalSection(ExtensibilityGlobals) = postSolution
		SolutionGuid = {0F3B5302-A802-499B-AD82-5E73A31A1B60}
	EndGlobalSection
EndGlobal
